Microsoft Visual Studio Solution File, Format Version 11.00
# Visual Studio 2008

Project("{E3C47932-53FE-A0AE-A4B3-4E42E24CE3A9}") = "colab", "Assembly-CSharp-firstpass.csproj", "{48B827E6-225E-EC28-687C-43F5A639F0E6}"
EndProject
Project("{E3C47932-53FE-A0AE-A4B3-4E42E24CE3A9}") = "colab", "Assembly-CSharp.csproj", "{F948F28A-3698-EDCD-3217-0C0BAE84232C}"
EndProject
Global
	GlobalSection(SolutionConfigurationPlatforms) = preSolution
		Debug|Any CPU = Debug|Any CPU
		Release|Any CPU = Release|Any CPU
	EndGlobalSection
	GlobalSection(ProjectConfigurationPlatforms) = postSolution
		{48B827E6-225E-EC28-687C-43F5A639F0E6}.Debug|Any CPU.ActiveCfg = Debug|Any CPU
		{48B827E6-225E-EC28-687C-43F5A639F0E6}.Debug|Any CPU.Build.0 = Debug|Any CPU
		{48B827E6-225E-EC28-687C-43F5A639F0E6}.Release|Any CPU.ActiveCfg = Release|Any CPU
		{48B827E6-225E-EC28-687C-43F5A639F0E6}.Release|Any CPU.Build.0 = Release|Any CPU
		{F948F28A-3698-EDCD-3217-0C0BAE84232C}.Debug|Any CPU.ActiveCfg = Debug|Any CPU
		{F948F28A-3698-EDCD-3217-0C0BAE84232C}.Debug|Any CPU.Build.0 = Debug|Any CPU
		{F948F28A-3698-EDCD-3217-0C0BAE84232C}.Release|Any CPU.ActiveCfg = Release|Any CPU
		{F948F28A-3698-EDCD-3217-0C0BAE84232C}.Release|Any CPU.Build.0 = Release|Any CPU
	EndGlobalSection
	GlobalSection(SolutionProperties) = preSolution
		HideSolutionNode = FALSE
	EndGlobalSection
	GlobalSection(MonoDevelopProperties) = preSolution
		StartupItem = Assembly-CSharp.csproj
	EndGlobalSection
EndGlobal
