
Microsoft Visual Studio Solution File, Format Version 12.00
# Visual Studio 2015
Project("{FAE04EC0-301F-11D3-BF4B-00C04F79EFBC}") = "colab.CSharp.Plugins", "colab.CSharp.Plugins.csproj", "{C7B29542-1DC3-5CA0-D314-7331F198B3F4}"
EndProject
Project("{FAE04EC0-301F-11D3-BF4B-00C04F79EFBC}") = "colab.CSharp", "colab.CSharp.csproj", "{2B63E9DD-9DB5-508B-45FD-8113A8F0A26B}"
EndProject
Global
	GlobalSection(SolutionConfigurationPlatforms) = preSolution
		Debug|Any CPU = Debug|Any CPU
		Release|Any CPU = Release|Any CPU
	EndGlobalSection
	GlobalSection(ProjectConfigurationPlatforms) = postSolution
		{C7B29542-1DC3-5CA0-D314-7331F198B3F4}.Debug|Any CPU.ActiveCfg = Debug|Any CPU
		{C7B29542-1DC3-5CA0-D314-7331F198B3F4}.Debug|Any CPU.Build.0 = Debug|Any CPU
		{C7B29542-1DC3-5CA0-D314-7331F198B3F4}.Release|Any CPU.ActiveCfg = Release|Any CPU
		{C7B29542-1DC3-5CA0-D314-7331F198B3F4}.Release|Any CPU.Build.0 = Release|Any CPU
		{2B63E9DD-9DB5-508B-45FD-8113A8F0A26B}.Debug|Any CPU.ActiveCfg = Debug|Any CPU
		{2B63E9DD-9DB5-508B-45FD-8113A8F0A26B}.Debug|Any CPU.Build.0 = Debug|Any CPU
		{2B63E9DD-9DB5-508B-45FD-8113A8F0A26B}.Release|Any CPU.ActiveCfg = Release|Any CPU
		{2B63E9DD-9DB5-508B-45FD-8113A8F0A26B}.Release|Any CPU.Build.0 = Release|Any CPU
	EndGlobalSection
	GlobalSection(SolutionProperties) = preSolution
		HideSolutionNode = FALSE
	EndGlobalSection
EndGlobal
